
Microsoft Visual Studio Solution File, Format Version 12.00
# Visual Studio Version 16
VisualStudioVersion = 16.0.29911.84
MinimumVisualStudioVersion = 10.0.40219.1
Project("{FAE04EC0-301F-11D3-BF4B-00C04F79EFBC}") = "ADOSample", "ADOSample\ADOSample.csproj", "{228738A9-3A0D-4CBB-8288-F7C95F10E728}"
EndProject
Global
	GlobalSection(SolutionConfigurationPlatforms) = preSolution
		Debug|Any CPU = Debug|Any CPU
		Release|Any CPU = Release|Any CPU
	EndGlobalSection
	GlobalSection(ProjectConfigurationPlatforms) = postSolution
		{228738A9-3A0D-4CBB-8288-F7C95F10E728}.Debug|Any CPU.ActiveCfg = Debug|Any CPU
		{228738A9-3A0D-4CBB-8288-F7C95F10E728}.Debug|Any CPU.Build.0 = Debug|Any CPU
		{228738A9-3A0D-4CBB-8288-F7C95F10E728}.Release|Any CPU.ActiveCfg = Release|Any CPU
		{228738A9-3A0D-4CBB-8288-F7C95F10E728}.Release|Any CPU.Build.0 = Release|Any CPU
	EndGlobalSection
	GlobalSection(SolutionProperties) = preSolution
		HideSolutionNode = FALSE
	EndGlobalSection
	GlobalSection(ExtensibilityGlobals) = postSolution
		SolutionGuid = {C493E9AE-3986-453E-BF10-279D95AC3F1A}
	EndGlobalSection
EndGlobal
